{
  "name": "Shopimy",
  "lockfileVersion": 3,
  "requires": true,
  "packages": {
    "": {
      "name": "Shopimy",
      "dependencies": {
        "@stripe/stripe-js": "^6.1.0",
        "Shopimy": "file:"
      }
    },
    "node_modules/@stripe/stripe-js": {
      "version": "6.1.0",
      "license": "MIT",
      "engines": {
        "node": ">=12.16"
      }
    },
    "node_modules/Shopimy": {
      "resolved": "",
      "link": true
    }
  }
}
